
Microsoft Visual Studio Solution File, Format Version 12.00
# Visual Studio Version 17
VisualStudioVersion = 17.3.32804.467
MinimumVisualStudioVersion = 10.0.40219.1
Project("{FAE04EC0-301F-11D3-BF4B-00C04F79EFBC}") = "PYP-NorthwindCodeFirtsProje", "PYP-NorthwindCodeFirtsProje\PYP-NorthwindCodeFirtsProje.csproj", "{0BD79B4C-6A05-45B5-9679-8C1A0DD31855}"
EndProject
Global
	GlobalSection(SolutionConfigurationPlatforms) = preSolution
		Debug|Any CPU = Debug|Any CPU
		Release|Any CPU = Release|Any CPU
	EndGlobalSection
	GlobalSection(ProjectConfigurationPlatforms) = postSolution
		{0BD79B4C-6A05-45B5-9679-8C1A0DD31855}.Debug|Any CPU.ActiveCfg = Debug|Any CPU
		{0BD79B4C-6A05-45B5-9679-8C1A0DD31855}.Debug|Any CPU.Build.0 = Debug|Any CPU
		{0BD79B4C-6A05-45B5-9679-8C1A0DD31855}.Release|Any CPU.ActiveCfg = Release|Any CPU
		{0BD79B4C-6A05-45B5-9679-8C1A0DD31855}.Release|Any CPU.Build.0 = Release|Any CPU
	EndGlobalSection
	GlobalSection(SolutionProperties) = preSolution
		HideSolutionNode = FALSE
	EndGlobalSection
	GlobalSection(ExtensibilityGlobals) = postSolution
		SolutionGuid = {B1690293-D88A-4267-BE85-EF0179E1F343}
	EndGlobalSection
EndGlobal
